
Microsoft Visual Studio Solution File, Format Version 12.00
# Visual Studio 15
VisualStudioVersion = 15.0.27703.2026
MinimumVisualStudioVersion = 10.0.40219.1
Project("{FAE04EC0-301F-11D3-BF4B-00C04F79EFBC}") = "API_Core", "API_Core\API_Core.csproj", "{D4FF2FDF-A1F9-4DA5-A92B-9759177BB47D}"
EndProject
Global
	GlobalSection(SolutionConfigurationPlatforms) = preSolution
		Debug|Any CPU = Debug|Any CPU
		Release|Any CPU = Release|Any CPU
	EndGlobalSection
	GlobalSection(ProjectConfigurationPlatforms) = postSolution
		{D4FF2FDF-A1F9-4DA5-A92B-9759177BB47D}.Debug|Any CPU.ActiveCfg = Debug|Any CPU
		{D4FF2FDF-A1F9-4DA5-A92B-9759177BB47D}.Debug|Any CPU.Build.0 = Debug|Any CPU
		{D4FF2FDF-A1F9-4DA5-A92B-9759177BB47D}.Release|Any CPU.ActiveCfg = Release|Any CPU
		{D4FF2FDF-A1F9-4DA5-A92B-9759177BB47D}.Release|Any CPU.Build.0 = Release|Any CPU
	EndGlobalSection
	GlobalSection(SolutionProperties) = preSolution
		HideSolutionNode = FALSE
	EndGlobalSection
	GlobalSection(ExtensibilityGlobals) = postSolution
		SolutionGuid = {235F1466-B586-4C52-B11D-80F1AA70338B}
	EndGlobalSection
EndGlobal
